
Microsoft Visual Studio Solution File, Format Version 12.00
# Visual Studio Version 16
VisualStudioVersion = 16.0.30517.126
MinimumVisualStudioVersion = 10.0.40219.1
Project("{FAE04EC0-301F-11D3-BF4B-00C04F79EFBC}") = "Training", "Training\Training.csproj", "{205DB057-2BD3-41C7-89BA-D4B39EFCFE79}"
EndProject
Global
	GlobalSection(SolutionConfigurationPlatforms) = preSolution
		Debug|Any CPU = Debug|Any CPU
		Release|Any CPU = Release|Any CPU
	EndGlobalSection
	GlobalSection(ProjectConfigurationPlatforms) = postSolution
		{205DB057-2BD3-41C7-89BA-D4B39EFCFE79}.Debug|Any CPU.ActiveCfg = Debug|Any CPU
		{205DB057-2BD3-41C7-89BA-D4B39EFCFE79}.Debug|Any CPU.Build.0 = Debug|Any CPU
		{205DB057-2BD3-41C7-89BA-D4B39EFCFE79}.Release|Any CPU.ActiveCfg = Release|Any CPU
		{205DB057-2BD3-41C7-89BA-D4B39EFCFE79}.Release|Any CPU.Build.0 = Release|Any CPU
	EndGlobalSection
	GlobalSection(SolutionProperties) = preSolution
		HideSolutionNode = FALSE
	EndGlobalSection
	GlobalSection(ExtensibilityGlobals) = postSolution
		SolutionGuid = {D77E90FF-9053-429B-B75A-A0462DF246BF}
	EndGlobalSection
EndGlobal
